
Microsoft Visual Studio Solution File, Format Version 12.00
# Visual Studio Version 16
VisualStudioVersion = 16.0.32106.194
MinimumVisualStudioVersion = 10.0.40219.1
Project("{8BC9CEB8-8B4A-11D0-8D11-00A0C91BC942}") = "MFCWinRTXamlButton", "MFCWinRTXamlButton\MFCWinRTXamlButton.vcxproj", "{2853163A-4907-4E33-88F0-88C9A76AE382}"
EndProject
Global
	GlobalSection(SolutionConfigurationPlatforms) = preSolution
		Debug|x64 = Debug|x64
		Debug|x86 = Debug|x86
		Release|x64 = Release|x64
		Release|x86 = Release|x86
	EndGlobalSection
	GlobalSection(ProjectConfigurationPlatforms) = postSolution
		{2853163A-4907-4E33-88F0-88C9A76AE382}.Debug|x64.ActiveCfg = Debug|x64
		{2853163A-4907-4E33-88F0-88C9A76AE382}.Debug|x64.Build.0 = Debug|x64
		{2853163A-4907-4E33-88F0-88C9A76AE382}.Debug|x86.ActiveCfg = Debug|Win32
		{2853163A-4907-4E33-88F0-88C9A76AE382}.Debug|x86.Build.0 = Debug|Win32
		{2853163A-4907-4E33-88F0-88C9A76AE382}.Release|x64.ActiveCfg = Release|x64
		{2853163A-4907-4E33-88F0-88C9A76AE382}.Release|x64.Build.0 = Release|x64
		{2853163A-4907-4E33-88F0-88C9A76AE382}.Release|x86.ActiveCfg = Release|Win32
		{2853163A-4907-4E33-88F0-88C9A76AE382}.Release|x86.Build.0 = Release|Win32
	EndGlobalSection
	GlobalSection(SolutionProperties) = preSolution
		HideSolutionNode = FALSE
	EndGlobalSection
	GlobalSection(ExtensibilityGlobals) = postSolution
		SolutionGuid = {09359E3D-D989-4CEB-AF16-6CBE09BEB843}
	EndGlobalSection
EndGlobal
